
Microsoft Visual Studio Solution File, Format Version 11.00
# Visual Studio 2010
Project("{FAE04EC0-301F-11D3-BF4B-00C04F79EFBC}") = "Assembly-CSharp", "Assembly-CSharp.csproj", "{A05536FF-CEE3-444B-05EE-8B6A3B9C106B}"
EndProject
Project("{FAE04EC0-301F-11D3-BF4B-00C04F79EFBC}") = "Assembly-CSharp-firstpass", "Assembly-CSharp-firstpass.csproj", "{3021060F-E99C-FA15-F465-4EF5C837102A}"
EndProject
Project("{FAE04EC0-301F-11D3-BF4B-00C04F79EFBC}") = "Assembly-CSharp-Editor-firstpass", "Assembly-CSharp-Editor-firstpass.csproj", "{1517167B-4641-2F5D-8E28-52583FBCB123}"
EndProject
Project("{FAE04EC0-301F-11D3-BF4B-00C04F79EFBC}") = "Assembly-CSharp-Editor", "Assembly-CSharp-Editor.csproj", "{0DF3301C-047A-0F5F-ED9A-C4A5F404F213}"
EndProject
Global
	GlobalSection(SolutionConfigurationPlatforms) = preSolution
		Debug|Any CPU = Debug|Any CPU
		Release|Any CPU = Release|Any CPU
	EndGlobalSection
	GlobalSection(ProjectConfigurationPlatforms) = postSolution
		{A05536FF-CEE3-444B-05EE-8B6A3B9C106B}.Debug|Any CPU.ActiveCfg = Debug|Any CPU
		{A05536FF-CEE3-444B-05EE-8B6A3B9C106B}.Debug|Any CPU.Build.0 = Debug|Any CPU
		{A05536FF-CEE3-444B-05EE-8B6A3B9C106B}.Release|Any CPU.ActiveCfg = Release|Any CPU
		{A05536FF-CEE3-444B-05EE-8B6A3B9C106B}.Release|Any CPU.Build.0 = Release|Any CPU
		{3021060F-E99C-FA15-F465-4EF5C837102A}.Debug|Any CPU.ActiveCfg = Debug|Any CPU
		{3021060F-E99C-FA15-F465-4EF5C837102A}.Debug|Any CPU.Build.0 = Debug|Any CPU
		{3021060F-E99C-FA15-F465-4EF5C837102A}.Release|Any CPU.ActiveCfg = Release|Any CPU
		{3021060F-E99C-FA15-F465-4EF5C837102A}.Release|Any CPU.Build.0 = Release|Any CPU
		{1517167B-4641-2F5D-8E28-52583FBCB123}.Debug|Any CPU.ActiveCfg = Debug|Any CPU
		{1517167B-4641-2F5D-8E28-52583FBCB123}.Debug|Any CPU.Build.0 = Debug|Any CPU
		{1517167B-4641-2F5D-8E28-52583FBCB123}.Release|Any CPU.ActiveCfg = Release|Any CPU
		{1517167B-4641-2F5D-8E28-52583FBCB123}.Release|Any CPU.Build.0 = Release|Any CPU
		{0DF3301C-047A-0F5F-ED9A-C4A5F404F213}.Debug|Any CPU.ActiveCfg = Debug|Any CPU
		{0DF3301C-047A-0F5F-ED9A-C4A5F404F213}.Debug|Any CPU.Build.0 = Debug|Any CPU
		{0DF3301C-047A-0F5F-ED9A-C4A5F404F213}.Release|Any CPU.ActiveCfg = Release|Any CPU
		{0DF3301C-047A-0F5F-ED9A-C4A5F404F213}.Release|Any CPU.Build.0 = Release|Any CPU
	EndGlobalSection
	GlobalSection(SolutionProperties) = preSolution
		HideSolutionNode = FALSE
	EndGlobalSection
	GlobalSection(MonoDevelopProperties) = preSolution
		StartupItem = Assembly-CSharp.csproj
	EndGlobalSection
EndGlobal
